// !$*UTF8*$!
{
	archiveVersion = 1;
	classes = {
	};
	objectVersion = 50;
	objects = {

/* Begin PBXBuildFile section */
		BA738F4F267E46DD00C5B3FE /* AppDelegate.swift in Sources */ = {isa = PBXBuildFile; fileRef = BA738F4E267E46DD00C5B3FE /* AppDelegate.swift */; };
		BA738F51267E46DD00C5B3FE /* SceneDelegate.swift in Sources */ = {isa = PBXBuildFile; fileRef = BA738F50267E46DD00C5B3FE /* SceneDelegate.swift */; };
		BA738F53267E46DD00C5B3FE /* ViewController.swift in Sources */ = {isa = PBXBuildFile; fileRef = BA738F52267E46DD00C5B3FE /* ViewController.swift */; };
		BA738F56267E46DD00C5B3FE /* Main.storyboard in Resources */ = {isa = PBXBuildFile; fileRef = BA738F54267E46DD00C5B3FE /* Main.storyboard */; };
		BA738F58267E46E000C5B3FE /* Assets.xcassets in Resources */ = {isa = PBXBuildFile; fileRef = BA738F57267E46E000C5B3FE /* Assets.xcassets */; };
		BA738F5B267E46E000C5B3FE /* LaunchScreen.storyboard in Resources */ = {isa = PBXBuildFile; fileRef = BA738F59267E46E000C5B3FE /* LaunchScreen.storyboard */; };
		BA738F66267E46E000C5B3FE /* alert_appTests.swift in Sources */ = {isa = PBXBuildFile; fileRef = BA738F65267E46E000C5B3FE /* alert_appTests.swift */; };
		BA738F71267E46E000C5B3FE /* alert_appUITests.swift in Sources */ = {isa = PBXBuildFile; fileRef = BA738F70267E46E000C5B3FE /* alert_appUITests.swift */; };
/* End PBXBuildFile section */

/* Begin PBXContainerItemProxy section */
		BA738F62267E46E000C5B3FE /* PBXContainerItemProxy */ = {
			isa = PBXContainerItemProxy;
			containerPortal = BA738F43267E46DD00C5B3FE /* Project object */;
			proxyType = 1;
			remoteGlobalIDString = BA738F4A267E46DD00C5B3FE;
			remoteInfo = "alert-app";
		};
		BA738F6D267E46E000C5B3FE /* PBXContainerItemProxy */ = {
			isa = PBXContainerItemProxy;
			containerPortal = BA738F43267E46DD00C5B3FE /* Project object */;
			proxyType = 1;
			remoteGlobalIDString = BA738F4A267E46DD00C5B3FE;
			remoteInfo = "alert-app";
		};
/* End PBXContainerItemProxy section */

/* Begin PBXFileReference section */
		BA738F4B267E46DD00C5B3FE /* alert-app.app */ = {isa = PBXFileReference; explicitFileType = wrapper.application; includeInIndex = 0; path = "alert-app.app"; sourceTree = BUILT_PRODUCTS_DIR; };
		BA738F4E267E46DD00C5B3FE /* AppDelegate.swift */ = {isa = PBXFileReference; lastKnownFileType = sourcecode.swift; path = AppDelegate.swift; sourceTree = "<group>"; };
		BA738F50267E46DD00C5B3FE /* SceneDelegate.swift */ = {isa = PBXFileReference; lastKnownFileType = sourcecode.swift; path = SceneDelegate.swift; sourceTree = "<group>"; };
		BA738F52267E46DD00C5B3FE /* ViewController.swift */ = {isa = PBXFileReference; lastKnownFileType = sourcecode.swift; path = ViewController.swift; sourceTree = "<group>"; };
		BA738F55267E46DD00C5B3FE /* Base */ = {isa = PBXFileReference; lastKnownFileType = file.storyboard; name = Base; path = Base.lproj/Main.storyboard; sourceTree = "<group>"; };
		BA738F57267E46E000C5B3FE /* Assets.xcassets */ = {isa = PBXFileReference; lastKnownFileType = folder.assetcatalog; path = Assets.xcassets; sourceTree = "<group>"; };
		BA738F5A267E46E000C5B3FE /* Base */ = {isa = PBXFileReference; lastKnownFileType = file.storyboard; name = Base; path = Base.lproj/LaunchScreen.storyboard; sourceTree = "<group>"; };
		BA738F5C267E46E000C5B3FE /* Info.plist */ = {isa = PBXFileReference; lastKnownFileType = text.plist.xml; path = Info.plist; sourceTree = "<group>"; };
		BA738F61267E46E000C5B3FE /* alert-appTests.xctest */ = {isa = PBXFileReference; explicitFileType = wrapper.cfbundle; includeInIndex = 0; path = "alert-appTests.xctest"; sourceTree = BUILT_PRODUCTS_DIR; };
		BA738F65267E46E000C5B3FE /* alert_appTests.swift */ = {isa = PBXFileReference; lastKnownFileType = sourcecode.swift; path = alert_appTests.swift; sourceTree = "<group>"; };
		BA738F67267E46E000C5B3FE /* Info.plist */ = {isa = PBXFileReference; lastKnownFileType = text.plist.xml; path = Info.plist; sourceTree = "<group>"; };
		BA738F6C267E46E000C5B3FE /* alert-appUITests.xctest */ = {isa = PBXFileReference; explicitFileType = wrapper.cfbundle; includeInIndex = 0; path = "alert-appUITests.xctest"; sourceTree = BUILT_PRODUCTS_DIR; };
		BA738F70267E46E000C5B3FE /* alert_appUITests.swift */ = {isa = PBXFileReference; lastKnownFileType = sourcecode.swift; path = alert_appUITests.swift; sourceTree = "<group>"; };
		BA738F72267E46E000C5B3FE /* Info.plist */ = {isa = PBXFileReference; lastKnownFileType = text.plist.xml; path = Info.plist; sourceTree = "<group>"; };
/* End PBXFileReference section */

/* Begin PBXFrameworksBuildPhase section */
		BA738F48267E46DD00C5B3FE /* Frameworks */ = {
			isa = PBXFrameworksBuildPhase;
			buildActionMask = 2147483647;
			files = (
			);
			runOnlyForDeploymentPostprocessing = 0;
		};
		BA738F5E267E46E000C5B3FE /* Frameworks */ = {
			isa = PBXFrameworksBuildPhase;
			buildActionMask = 2147483647;
			files = (
			);
			runOnlyForDeploymentPostprocessing = 0;
		};
		BA738F69267E46E000C5B3FE /* Frameworks */ = {
			isa = PBXFrameworksBuildPhase;
			buildActionMask = 2147483647;
			files = (
			);
			runOnlyForDeploymentPostprocessing = 0;
		};
/* End PBXFrameworksBuildPhase section */

/* Begin PBXGroup section */
		BA738F42267E46DD00C5B3FE = {
			isa = PBXGroup;
			children = (
				BA738F4D267E46DD00C5B3FE /* alert-app */,
				BA738F64267E46E000C5B3FE /* alert-appTests */,
				BA738F6F267E46E000C5B3FE /* alert-appUITests */,
				BA738F4C267E46DD00C5B3FE /* Products */,
			);
			sourceTree = "<group>";
		};
		BA738F4C267E46DD00C5B3FE /* Products */ = {
			isa = PBXGroup;
			children = (
				BA738F4B267E46DD00C5B3FE /* alert-app.app */,
				BA738F61267E46E000C5B3FE /* alert-appTests.xctest */,
				BA738F6C267E46E000C5B3FE /* alert-appUITests.xctest */,
			);
			name = Products;
			sourceTree = "<group>";
		};
		BA738F4D267E46DD00C5B3FE /* alert-app */ = {
			isa = PBXGroup;
			children = (
				BA738F4E267E46DD00C5B3FE /* AppDelegate.swift */,
				BA738F50267E46DD00C5B3FE /* SceneDelegate.swift */,
				BA738F52267E46DD00C5B3FE /* ViewController.swift */,
				BA738F54267E46DD00C5B3FE /* Main.storyboard */,
				BA738F57267E46E000C5B3FE /* Assets.xcassets */,
				BA738F59267E46E000C5B3FE /* LaunchScreen.storyboard */,
				BA738F5C267E46E000C5B3FE /* Info.plist */,
			);
			path = "alert-app";
			sourceTree = "<group>";
		};
		BA738F64267E46E000C5B3FE /* alert-appTests */ = {
			isa = PBXGroup;
			children = (
				BA738F65267E46E000C5B3FE /* alert_appTests.swift */,
				BA738F67267E46E000C5B3FE /* Info.plist */,
			);
			path = "alert-appTests";
			sourceTree = "<group>";
		};
		BA738F6F267E46E000C5B3FE /* alert-appUITests */ = {
			isa = PBXGroup;
			children = (
				BA738F70267E46E000C5B3FE /* alert_appUITests.swift */,
				BA738F72267E46E000C5B3FE /* Info.plist */,
			);
			path = "alert-appUITests";
			sourceTree = "<group>";
		};
/* End PBXGroup section */

/* Begin PBXNativeTarget section */
		BA738F4A267E46DD00C5B3FE /* alert-app */ = {
			isa = PBXNativeTarget;
			buildConfigurationList = BA738F75267E46E000C5B3FE /* Build configuration list for PBXNativeTarget "alert-app" */;
			buildPhases = (
				BA738F47267E46DD00C5B3FE /* Sources */,
				BA738F48267E46DD00C5B3FE /* Frameworks */,
				BA738F49267E46DD00C5B3FE /* Resources */,
			);
			buildRules = (
			);
			dependencies = (
			);
			name = "alert-app";
			productName = "alert-app";
			productReference = BA738F4B267E46DD00C5B3FE /* alert-app.app */;
			productType = "com.apple.product-type.application";
		};
		BA738F60267E46E000C5B3FE /* alert-appTests */ = {
			isa = PBXNativeTarget;
			buildConfigurationList = BA738F78267E46E000C5B3FE /* Build configuration list for PBXNativeTarget "alert-appTests" */;
			buildPhases = (
				BA738F5D267E46E000C5B3FE /* Sources */,
				BA738F5E267E46E000C5B3FE /* Frameworks */,
				BA738F5F267E46E000C5B3FE /* Resources */,
			);
			buildRules = (
			);
			dependencies = (
				BA738F63267E46E000C5B3FE /* PBXTargetDependency */,
			);
			name = "alert-appTests";
			productName = "alert-appTests";
			productReference = BA738F61267E46E000C5B3FE /* alert-appTests.xctest */;
			productType = "com.apple.product-type.bundle.unit-test";
		};
		BA738F6B267E46E000C5B3FE /* alert-appUITests */ = {
			isa = PBXNativeTarget;
			buildConfigurationList = BA738F7B267E46E000C5B3FE /* Build configuration list for PBXNativeTarget "alert-appUITests" */;
			buildPhases = (
				BA738F68267E46E000C5B3FE /* Sources */,
				BA738F69267E46E000C5B3FE /* Frameworks */,
				BA738F6A267E46E000C5B3FE /* Resources */,
			);
			buildRules = (
			);
			dependencies = (
				BA738F6E267E46E000C5B3FE /* PBXTargetDependency */,
			);
			name = "alert-appUITests";
			productName = "alert-appUITests";
			productReference = BA738F6C267E46E000C5B3FE /* alert-appUITests.xctest */;
			productType = "com.apple.product-type.bundle.ui-testing";
		};
/* End PBXNativeTarget section */

/* Begin PBXProject section */
		BA738F43267E46DD00C5B3FE /* Project object */ = {
			isa = PBXProject;
			attributes = {
				LastSwiftUpdateCheck = 1250;
				LastUpgradeCheck = 1250;
				TargetAttributes = {
					BA738F4A267E46DD00C5B3FE = {
						CreatedOnToolsVersion = 12.5;
					};
					BA738F60267E46E000C5B3FE = {
						CreatedOnToolsVersion = 12.5;
						TestTargetID = BA738F4A267E46DD00C5B3FE;
					};
					BA738F6B267E46E000C5B3FE = {
						CreatedOnToolsVersion = 12.5;
						TestTargetID = BA738F4A267E46DD00C5B3FE;
					};
				};
			};
			buildConfigurationList = BA738F46267E46DD00C5B3FE /* Build configuration list for PBXProject "faceid-authentication" */;
			compatibilityVersion = "Xcode 9.3";
			developmentRegion = en;
			hasScannedForEncodings = 0;
			knownRegions = (
				en,
				Base,
			);
			mainGroup = BA738F42267E46DD00C5B3FE;
			productRefGroup = BA738F4C267E46DD00C5B3FE /* Products */;
			projectDirPath = "";
			projectRoot = "";
			targets = (
				BA738F4A267E46DD00C5B3FE /* alert-app */,
				BA738F60267E46E000C5B3FE /* alert-appTests */,
				BA738F6B267E46E000C5B3FE /* alert-appUITests */,
			);
		};
/* End PBXProject section */

/* Begin PBXResourcesBuildPhase section */
		BA738F49267E46DD00C5B3FE /* Resources */ = {
			isa = PBXResourcesBuildPhase;
			buildActionMask = 2147483647;
			files = (
				BA738F5B267E46E000C5B3FE /* LaunchScreen.storyboard in Resources */,
				BA738F58267E46E000C5B3FE /* Assets.xcassets in Resources */,
				BA738F56267E46DD00C5B3FE /* Main.storyboard in Resources */,
			);
			runOnlyForDeploymentPostprocessing = 0;
		};
		BA738F5F267E46E000C5B3FE /* Resources */ = {
			isa = PBXResourcesBuildPhase;
			buildActionMask = 2147483647;
			files = (
			);
			runOnlyForDeploymentPostprocessing = 0;
		};
		BA738F6A267E46E000C5B3FE /* Resources */ = {
			isa = PBXResourcesBuildPhase;
			buildActionMask = 2147483647;
			files = (
			);
			runOnlyForDeploymentPostprocessing = 0;
		};
/* End PBXResourcesBuildPhase section */

/* Begin PBXSourcesBuildPhase section */
		BA738F47267E46DD00C5B3FE /* Sources */ = {
			isa = PBXSourcesBuildPhase;
			buildActionMask = 2147483647;
			files = (
				BA738F53267E46DD00C5B3FE /* ViewController.swift in Sources */,
				BA738F4F267E46DD00C5B3FE /* AppDelegate.swift in Sources */,
				BA738F51267E46DD00C5B3FE /* SceneDelegate.swift in Sources */,
			);
			runOnlyForDeploymentPostprocessing = 0;
		};
		BA738F5D267E46E000C5B3FE /* Sources */ = {
			isa = PBXSourcesBuildPhase;
			buildActionMask = 2147483647;
			files = (
				BA738F66267E46E000C5B3FE /* alert_appTests.swift in Sources */,
			);
			runOnlyForDeploymentPostprocessing = 0;
		};
		BA738F68267E46E000C5B3FE /* Sources */ = {
			isa = PBXSourcesBuildPhase;
			buildActionMask = 2147483647;
			files = (
				BA738F71267E46E000C5B3FE /* alert_appUITests.swift in Sources */,
			);
			runOnlyForDeploymentPostprocessing = 0;
		};
/* End PBXSourcesBuildPhase section */

/* Begin PBXTargetDependency section */
		BA738F63267E46E000C5B3FE /* PBXTargetDependency */ = {
			isa = PBXTargetDependency;
			target = BA738F4A267E46DD00C5B3FE /* alert-app */;
			targetProxy = BA738F62267E46E000C5B3FE /* PBXContainerItemProxy */;
		};
		BA738F6E267E46E000C5B3FE /* PBXTargetDependency */ = {
			isa = PBXTargetDependency;
			target = BA738F4A267E46DD00C5B3FE /* alert-app */;
			targetProxy = BA738F6D267E46E000C5B3FE /* PBXContainerItemProxy */;
		};
/* End PBXTargetDependency section */

/* Begin PBXVariantGroup section */
		BA738F54267E46DD00C5B3FE /* Main.storyboard */ = {
			isa = PBXVariantGroup;
			children = (
				BA738F55267E46DD00C5B3FE /* Base */,
			);
			name = Main.storyboard;
			sourceTree = "<group>";
		};
		BA738F59267E46E000C5B3FE /* LaunchScreen.storyboard */ = {
			isa = PBXVariantGroup;
			children = (
				BA738F5A267E46E000C5B3FE /* Base */,
			);
			name = LaunchScreen.storyboard;
			sourceTree = "<group>";
		};
/* End PBXVariantGroup section */

/* Begin XCBuildConfiguration section */
		BA738F73267E46E000C5B3FE /* Debug */ = {
			isa = XCBuildConfiguration;
			buildSettings = {
				ALWAYS_SEARCH_USER_PATHS = NO;
				CLANG_ANALYZER_NONNULL = YES;
				CLANG_ANALYZER_NUMBER_OBJECT_CONVERSION = YES_AGGRESSIVE;
				CLANG_CXX_LANGUAGE_STANDARD = "gnu++14";
				CLANG_CXX_LIBRARY = "libc++";
				CLANG_ENABLE_MODULES = YES;
				CLANG_ENABLE_OBJC_ARC = YES;
				CLANG_ENABLE_OBJC_WEAK = YES;
				CLANG_WARN_BLOCK_CAPTURE_AUTORELEASING = YES;
				CLANG_WARN_BOOL_CONVERSION = YES;
				CLANG_WARN_COMMA = YES;
				CLANG_WARN_CONSTANT_CONVERSION = YES;
				CLANG_WARN_DEPRECATED_OBJC_IMPLEMENTATIONS = YES;
				CLANG_WARN_DIRECT_OBJC_ISA_USAGE = YES_ERROR;
				CLANG_WARN_DOCUMENTATION_COMMENTS = YES;
				CLANG_WARN_EMPTY_BODY = YES;
				CLANG_WARN_ENUM_CONVERSION = YES;
				CLANG_WARN_INFINITE_RECURSION = YES;
				CLANG_WARN_INT_CONVERSION = YES;
				CLANG_WARN_NON_LITERAL_NULL_CONVERSION = YES;
				CLANG_WARN_OBJC_IMPLICIT_RETAIN_SELF = YES;
				CLANG_WARN_OBJC_LITERAL_CONVERSION = YES;
				CLANG_WARN_OBJC_ROOT_CLASS = YES_ERROR;
				CLANG_WARN_QUOTED_INCLUDE_IN_FRAMEWORK_HEADER = YES;
				CLANG_WARN_RANGE_LOOP_ANALYSIS = YES;
				CLANG_WARN_STRICT_PROTOTYPES = YES;
				CLANG_WARN_SUSPICIOUS_MOVE = YES;
				CLANG_WARN_UNGUARDED_AVAILABILITY = YES_AGGRESSIVE;
				CLANG_WARN_UNREACHABLE_CODE = YES;
				CLANG_WARN__DUPLICATE_METHOD_MATCH = YES;
				COPY_PHASE_STRIP = NO;
				DEBUG_INFORMATION_FORMAT = dwarf;
				ENABLE_STRICT_OBJC_MSGSEND = YES;
				ENABLE_TESTABILITY = YES;
				GCC_C_LANGUAGE_STANDARD = gnu11;
				GCC_DYNAMIC_NO_PIC = NO;
				GCC_NO_COMMON_BLOCKS = YES;
				GCC_OPTIMIZATION_LEVEL = 0;
				GCC_PREPROCESSOR_DEFINITIONS = (
					"DEBUG=1",
					"$(inherited)",
				);
				GCC_WARN_64_TO_32_BIT_CONVERSION = YES;
				GCC_WARN_ABOUT_RETURN_TYPE = YES_ERROR;
				GCC_WARN_UNDECLARED_SELECTOR = YES;
				GCC_WARN_UNINITIALIZED_AUTOS = YES_AGGRESSIVE;
				GCC_WARN_UNUSED_FUNCTION = YES;
				GCC_WARN_UNUSED_VARIABLE = YES;
				IPHONEOS_DEPLOYMENT_TARGET = 14.5;
				MTL_ENABLE_DEBUG_INFO = INCLUDE_SOURCE;
				MTL_FAST_MATH = YES;
				ONLY_ACTIVE_ARCH = YES;
				SDKROOT = iphoneos;
				SWIFT_ACTIVE_COMPILATION_CONDITIONS = DEBUG;
				SWIFT_OPTIMIZATION_LEVEL = "-Onone";
			};
			name = Debug;
		};
		BA738F74267E46E000C5B3FE /* Release */ = {
			isa = XCBuildConfiguration;
			buildSettings = {
				ALWAYS_SEARCH_USER_PATHS = NO;
				CLANG_ANALYZER_NONNULL = YES;
				CLANG_ANALYZER_NUMBER_OBJECT_CONVERSION = YES_AGGRESSIVE;
				CLANG_CXX_LANGUAGE_STANDARD = "gnu++14";
				CLANG_CXX_LIBRARY = "libc++";
				CLANG_ENABLE_MODULES = YES;
				CLANG_ENABLE_OBJC_ARC = YES;
				CLANG_ENABLE_OBJC_WEAK = YES;
				CLANG_WARN_BLOCK_CAPTURE_AUTORELEASING = YES;
				CLANG_WARN_BOOL_CONVERSION = YES;
				CLANG_WARN_COMMA = YES;
				CLANG_WARN_CONSTANT_CONVERSION = YES;
				CLANG_WARN_DEPRECATED_OBJC_IMPLEMENTATIONS = YES;
				CLANG_WARN_DIRECT_OBJC_ISA_USAGE = YES_ERROR;
				CLANG_WARN_DOCUMENTATION_COMMENTS = YES;
				CLANG_WARN_EMPTY_BODY = YES;
				CLANG_WARN_ENUM_CONVERSION = YES;
				CLANG_WARN_INFINITE_RECURSION = YES;
				CLANG_WARN_INT_CONVERSION = YES;
				CLANG_WARN_NON_LITERAL_NULL_CONVERSION = YES;
				CLANG_WARN_OBJC_IMPLICIT_RETAIN_SELF = YES;
				CLANG_WARN_OBJC_LITERAL_CONVERSION = YES;
				CLANG_WARN_OBJC_ROOT_CLASS = YES_ERROR;
				CLANG_WARN_QUOTED_INCLUDE_IN_FRAMEWORK_HEADER = YES;
				CLANG_WARN_RANGE_LOOP_ANALYSIS = YES;
				CLANG_WARN_STRICT_PROTOTYPES = YES;
				CLANG_WARN_SUSPICIOUS_MOVE = YES;
				CLANG_WARN_UNGUARDED_AVAILABILITY = YES_AGGRESSIVE;
				CLANG_WARN_UNREACHABLE_CODE = YES;
				CLANG_WARN__DUPLICATE_METHOD_MATCH = YES;
				COPY_PHASE_STRIP = NO;
				DEBUG_INFORMATION_FORMAT = "dwarf-with-dsym";
				ENABLE_NS_ASSERTIONS = NO;
				ENABLE_STRICT_OBJC_MSGSEND = YES;
				GCC_C_LANGUAGE_STANDARD = gnu11;
				GCC_NO_COMMON_BLOCKS = YES;
				GCC_WARN_64_TO_32_BIT_CONVERSION = YES;
				GCC_WARN_ABOUT_RETURN_TYPE = YES_ERROR;
				GCC_WARN_UNDECLARED_SELECTOR = YES;
				GCC_WARN_UNINITIALIZED_AUTOS = YES_AGGRESSIVE;
				GCC_WARN_UNUSED_FUNCTION = YES;
				GCC_WARN_UNUSED_VARIABLE = YES;
				IPHONEOS_DEPLOYMENT_TARGET = 14.5;
				MTL_ENABLE_DEBUG_INFO = NO;
				MTL_FAST_MATH = YES;
				SDKROOT = iphoneos;
				SWIFT_COMPILATION_MODE = wholemodule;
				SWIFT_OPTIMIZATION_LEVEL = "-O";
				VALIDATE_PRODUCT = YES;
			};
			name = Release;
		};
		BA738F76267E46E000C5B3FE /* Debug */ = {
			isa = XCBuildConfiguration;
			buildSettings = {
				ASSETCATALOG_COMPILER_APPICON_NAME = AppIcon;
				ASSETCATALOG_COMPILER_GLOBAL_ACCENT_COLOR_NAME = AccentColor;
				CODE_SIGN_STYLE = Automatic;
				DEVELOPMENT_TEAM = 4XLCLV84RA;
				INFOPLIST_FILE = "alert-app/Info.plist";
				IPHONEOS_DEPLOYMENT_TARGET = 14.3;
				LD_RUNPATH_SEARCH_PATHS = (
					"$(inherited)",
					"@executable_path/Frameworks",
				);
				PRODUCT_BUNDLE_IDENTIFIER = "com.example.wallace.faceid-authentication";
				PRODUCT_NAME = "$(TARGET_NAME)";
				SWIFT_VERSION = 5.0;
				TARGETED_DEVICE_FAMILY = "1,2";
			};
			name = Debug;
		};
		BA738F77267E46E000C5B3FE /* Release */ = {
			isa = XCBuildConfiguration;
			buildSettings = {
				ASSETCATALOG_COMPILER_APPICON_NAME = AppIcon;
				ASSETCATALOG_COMPILER_GLOBAL_ACCENT_COLOR_NAME = AccentColor;
				CODE_SIGN_STYLE = Automatic;
				DEVELOPMENT_TEAM = 4XLCLV84RA;
				INFOPLIST_FILE = "alert-app/Info.plist";
				IPHONEOS_DEPLOYMENT_TARGET = 14.3;
				LD_RUNPATH_SEARCH_PATHS = (
					"$(inherited)",
					"@executable_path/Frameworks",
				);
				PRODUCT_BUNDLE_IDENTIFIER = "com.example.wallace.faceid-authentication";
				PRODUCT_NAME = "$(TARGET_NAME)";
				SWIFT_VERSION = 5.0;
				TARGETED_DEVICE_FAMILY = "1,2";
			};
			name = Release;
		};
		BA738F79267E46E000C5B3FE /* Debug */ = {
			isa = XCBuildConfiguration;
			buildSettings = {
				ALWAYS_EMBED_SWIFT_STANDARD_LIBRARIES = YES;
				BUNDLE_LOADER = "$(TEST_HOST)";
				CODE_SIGN_STYLE = Automatic;
				DEVELOPMENT_TEAM = K8264YTM86;
				INFOPLIST_FILE = "alert-appTests/Info.plist";
				IPHONEOS_DEPLOYMENT_TARGET = 14.5;
				LD_RUNPATH_SEARCH_PATHS = (
					"$(inherited)",
					"@executable_path/Frameworks",
					"@loader_path/Frameworks",
				);
				PRODUCT_BUNDLE_IDENTIFIER = "com.example.wallace.alert-appTests";
				PRODUCT_NAME = "$(TARGET_NAME)";
				SWIFT_VERSION = 5.0;
				TARGETED_DEVICE_FAMILY = "1,2";
				TEST_HOST = "$(BUILT_PRODUCTS_DIR)/alert-app.app/alert-app";
			};
			name = Debug;
		};
		BA738F7A267E46E000C5B3FE /* Release */ = {
			isa = XCBuildConfiguration;
			buildSettings = {
				ALWAYS_EMBED_SWIFT_STANDARD_LIBRARIES = YES;
				BUNDLE_LOADER = "$(TEST_HOST)";
				CODE_SIGN_STYLE = Automatic;
				DEVELOPMENT_TEAM = K8264YTM86;
				INFOPLIST_FILE = "alert-appTests/Info.plist";
				IPHONEOS_DEPLOYMENT_TARGET = 14.5;
				LD_RUNPATH_SEARCH_PATHS = (
					"$(inherited)",
					"@executable_path/Frameworks",
					"@loader_path/Frameworks",
				);
				PRODUCT_BUNDLE_IDENTIFIER = "com.example.wallace.alert-appTests";
				PRODUCT_NAME = "$(TARGET_NAME)";
				SWIFT_VERSION = 5.0;
				TARGETED_DEVICE_FAMILY = "1,2";
				TEST_HOST = "$(BUILT_PRODUCTS_DIR)/alert-app.app/alert-app";
			};
			name = Release;
		};
		BA738F7C267E46E000C5B3FE /* Debug */ = {
			isa = XCBuildConfiguration;
			buildSettings = {
				ALWAYS_EMBED_SWIFT_STANDARD_LIBRARIES = YES;
				CODE_SIGN_STYLE = Automatic;
				DEVELOPMENT_TEAM = K8264YTM86;
				INFOPLIST_FILE = "alert-appUITests/Info.plist";
				LD_RUNPATH_SEARCH_PATHS = (
					"$(inherited)",
					"@executable_path/Frameworks",
					"@loader_path/Frameworks",
				);
				PRODUCT_BUNDLE_IDENTIFIER = "com.example.wallace.alert-appUITests";
				PRODUCT_NAME = "$(TARGET_NAME)";
				SWIFT_VERSION = 5.0;
				TARGETED_DEVICE_FAMILY = "1,2";
				TEST_TARGET_NAME = "alert-app";
			};
			name = Debug;
		};
		BA738F7D267E46E000C5B3FE /* Release */ = {
			isa = XCBuildConfiguration;
			buildSettings = {
				ALWAYS_EMBED_SWIFT_STANDARD_LIBRARIES = YES;
				CODE_SIGN_STYLE = Automatic;
				DEVELOPMENT_TEAM = K8264YTM86;
				INFOPLIST_FILE = "alert-appUITests/Info.plist";
				LD_RUNPATH_SEARCH_PATHS = (
					"$(inherited)",
					"@executable_path/Frameworks",
					"@loader_path/Frameworks",
				);
				PRODUCT_BUNDLE_IDENTIFIER = "com.example.wallace.alert-appUITests";
				PRODUCT_NAME = "$(TARGET_NAME)";
				SWIFT_VERSION = 5.0;
				TARGETED_DEVICE_FAMILY = "1,2";
				TEST_TARGET_NAME = "alert-app";
			};
			name = Release;
		};
/* End XCBuildConfiguration section */

/* Begin XCConfigurationList section */
		BA738F46267E46DD00C5B3FE /* Build configuration list for PBXProject "faceid-authentication" */ = {
			isa = XCConfigurationList;
			buildConfigurations = (
				BA738F73267E46E000C5B3FE /* Debug */,
				BA738F74267E46E000C5B3FE /* Release */,
			);
			defaultConfigurationIsVisible = 0;
			defaultConfigurationName = Release;
		};
		BA738F75267E46E000C5B3FE /* Build configuration list for PBXNativeTarget "alert-app" */ = {
			isa = XCConfigurationList;
			buildConfigurations = (
				BA738F76267E46E000C5B3FE /* Debug */,
				BA738F77267E46E000C5B3FE /* Release */,
			);
			defaultConfigurationIsVisible = 0;
			defaultConfigurationName = Release;
		};
		BA738F78267E46E000C5B3FE /* Build configuration list for PBXNativeTarget "alert-appTests" */ = {
			isa = XCConfigurationList;
			buildConfigurations = (
				BA738F79267E46E000C5B3FE /* Debug */,
				BA738F7A267E46E000C5B3FE /* Release */,
			);
			defaultConfigurationIsVisible = 0;
			defaultConfigurationName = Release;
		};
		BA738F7B267E46E000C5B3FE /* Build configuration list for PBXNativeTarget "alert-appUITests" */ = {
			isa = XCConfigurationList;
			buildConfigurations = (
				BA738F7C267E46E000C5B3FE /* Debug */,
				BA738F7D267E46E000C5B3FE /* Release */,
			);
			defaultConfigurationIsVisible = 0;
			defaultConfigurationName = Release;
		};
/* End XCConfigurationList section */
	};
	rootObject = BA738F43267E46DD00C5B3FE /* Project object */;
}
